
Microsoft Visual Studio Solution File, Format Version 12.00
# Visual Studio Version 17
VisualStudioVersion = 17.14.36623.8 d17.14
MinimumVisualStudioVersion = 10.0.40219.1
Project("{FAE04EC0-301F-11D3-BF4B-00C04F79EFBC}") = "SmartGreenhouse.Core", "SmartGreenhouse.Core\SmartGreenhouse.Core.csproj", "{DE078A10-1466-4DC0-9527-029954F302B6}"
EndProject
Project("{FAE04EC0-301F-11D3-BF4B-00C04F79EFBC}") = "SmartGreenhouse.Services", "SmartGreenhouse.Services\SmartGreenhouse.Services.csproj", "{27EF7D89-BD82-407A-8713-BBDD1D628BAB}"
EndProject
Project("{FAE04EC0-301F-11D3-BF4B-00C04F79EFBC}") = "SmartGreenhouse.Tests", "SmartGreenhouse.Tests\SmartGreenhouse.Tests.csproj", "{670BB208-0D5C-405D-944E-016943D3F0D7}"
EndProject
Project("{FAE04EC0-301F-11D3-BF4B-00C04F79EFBC}") = "SmartGreenhouse.App", "SmartGreenhouse.App\SmartGreenhouse.App.csproj", "{7D86DE9D-9B08-4324-A190-B16073D3F5D2}"
EndProject
Global
	GlobalSection(SolutionConfigurationPlatforms) = preSolution
		Debug|Any CPU = Debug|Any CPU
		Release|Any CPU = Release|Any CPU
	EndGlobalSection
	GlobalSection(ProjectConfigurationPlatforms) = postSolution
		{DE078A10-1466-4DC0-9527-029954F302B6}.Debug|Any CPU.ActiveCfg = Debug|Any CPU
		{DE078A10-1466-4DC0-9527-029954F302B6}.Debug|Any CPU.Build.0 = Debug|Any CPU
		{DE078A10-1466-4DC0-9527-029954F302B6}.Release|Any CPU.ActiveCfg = Release|Any CPU
		{DE078A10-1466-4DC0-9527-029954F302B6}.Release|Any CPU.Build.0 = Release|Any CPU
		{27EF7D89-BD82-407A-8713-BBDD1D628BAB}.Debug|Any CPU.ActiveCfg = Debug|Any CPU
		{27EF7D89-BD82-407A-8713-BBDD1D628BAB}.Debug|Any CPU.Build.0 = Debug|Any CPU
		{27EF7D89-BD82-407A-8713-BBDD1D628BAB}.Release|Any CPU.ActiveCfg = Release|Any CPU
		{27EF7D89-BD82-407A-8713-BBDD1D628BAB}.Release|Any CPU.Build.0 = Release|Any CPU
		{670BB208-0D5C-405D-944E-016943D3F0D7}.Debug|Any CPU.ActiveCfg = Debug|Any CPU
		{670BB208-0D5C-405D-944E-016943D3F0D7}.Debug|Any CPU.Build.0 = Debug|Any CPU
		{670BB208-0D5C-405D-944E-016943D3F0D7}.Release|Any CPU.ActiveCfg = Release|Any CPU
		{670BB208-0D5C-405D-944E-016943D3F0D7}.Release|Any CPU.Build.0 = Release|Any CPU
		{7D86DE9D-9B08-4324-A190-B16073D3F5D2}.Debug|Any CPU.ActiveCfg = Debug|Any CPU
		{7D86DE9D-9B08-4324-A190-B16073D3F5D2}.Debug|Any CPU.Build.0 = Debug|Any CPU
		{7D86DE9D-9B08-4324-A190-B16073D3F5D2}.Release|Any CPU.ActiveCfg = Release|Any CPU
		{7D86DE9D-9B08-4324-A190-B16073D3F5D2}.Release|Any CPU.Build.0 = Release|Any CPU
	EndGlobalSection
	GlobalSection(SolutionProperties) = preSolution
		HideSolutionNode = FALSE
	EndGlobalSection
	GlobalSection(ExtensibilityGlobals) = postSolution
		SolutionGuid = {2BAAA99D-9CF2-43F2-A73A-B234F0E27820}
	EndGlobalSection
EndGlobal
